
Microsoft Visual Studio Solution File, Format Version 12.00
# Visual Studio 15
VisualStudioVersion = 15.0.26124.0
MinimumVisualStudioVersion = 15.0.26124.0
Project("{2150E333-8FDC-42A3-9474-1A3956D46DE8}") = "src", "src", "{0D93044A-1F5A-4C8D-80BD-41FAE0F43831}"
EndProject
Project("{FAE04EC0-301F-11D3-BF4B-00C04F79EFBC}") = "Guard", "src\Guard\Guard.csproj", "{01D9C5DA-750C-42A0-B04E-9F8DF76F7D96}"
EndProject
Project("{2150E333-8FDC-42A3-9474-1A3956D46DE8}") = "test", "test", "{6FE67545-1B7C-44C3-9491-6D5A51F05F89}"
EndProject
Project("{FAE04EC0-301F-11D3-BF4B-00C04F79EFBC}") = "Guard.Tests", "test\Guard.Tests\Guard.Tests.csproj", "{C045318C-D9EB-4121-B419-77A86900BC24}"
EndProject
Project("{FAE04EC0-301F-11D3-BF4B-00C04F79EFBC}") = "VulnerableApi", "src\VulnerableApi\VulnerableApi.csproj", "{105B3081-F293-4E2F-A111-E353ED4DF027}"
EndProject
Global
	GlobalSection(SolutionConfigurationPlatforms) = preSolution
		Debug|Any CPU = Debug|Any CPU
		Debug|x64 = Debug|x64
		Debug|x86 = Debug|x86
		Release|Any CPU = Release|Any CPU
		Release|x64 = Release|x64
		Release|x86 = Release|x86
	EndGlobalSection
	GlobalSection(SolutionProperties) = preSolution
		HideSolutionNode = FALSE
	EndGlobalSection
	GlobalSection(ProjectConfigurationPlatforms) = postSolution
		{01D9C5DA-750C-42A0-B04E-9F8DF76F7D96}.Debug|Any CPU.ActiveCfg = Debug|Any CPU
		{01D9C5DA-750C-42A0-B04E-9F8DF76F7D96}.Debug|Any CPU.Build.0 = Debug|Any CPU
		{01D9C5DA-750C-42A0-B04E-9F8DF76F7D96}.Debug|x64.ActiveCfg = Debug|Any CPU
		{01D9C5DA-750C-42A0-B04E-9F8DF76F7D96}.Debug|x64.Build.0 = Debug|Any CPU
		{01D9C5DA-750C-42A0-B04E-9F8DF76F7D96}.Debug|x86.ActiveCfg = Debug|Any CPU
		{01D9C5DA-750C-42A0-B04E-9F8DF76F7D96}.Debug|x86.Build.0 = Debug|Any CPU
		{01D9C5DA-750C-42A0-B04E-9F8DF76F7D96}.Release|Any CPU.ActiveCfg = Release|Any CPU
		{01D9C5DA-750C-42A0-B04E-9F8DF76F7D96}.Release|Any CPU.Build.0 = Release|Any CPU
		{01D9C5DA-750C-42A0-B04E-9F8DF76F7D96}.Release|x64.ActiveCfg = Release|Any CPU
		{01D9C5DA-750C-42A0-B04E-9F8DF76F7D96}.Release|x64.Build.0 = Release|Any CPU
		{01D9C5DA-750C-42A0-B04E-9F8DF76F7D96}.Release|x86.ActiveCfg = Release|Any CPU
		{01D9C5DA-750C-42A0-B04E-9F8DF76F7D96}.Release|x86.Build.0 = Release|Any CPU
		{C045318C-D9EB-4121-B419-77A86900BC24}.Debug|Any CPU.ActiveCfg = Debug|Any CPU
		{C045318C-D9EB-4121-B419-77A86900BC24}.Debug|Any CPU.Build.0 = Debug|Any CPU
		{C045318C-D9EB-4121-B419-77A86900BC24}.Debug|x64.ActiveCfg = Debug|Any CPU
		{C045318C-D9EB-4121-B419-77A86900BC24}.Debug|x64.Build.0 = Debug|Any CPU
		{C045318C-D9EB-4121-B419-77A86900BC24}.Debug|x86.ActiveCfg = Debug|Any CPU
		{C045318C-D9EB-4121-B419-77A86900BC24}.Debug|x86.Build.0 = Debug|Any CPU
		{C045318C-D9EB-4121-B419-77A86900BC24}.Release|Any CPU.ActiveCfg = Release|Any CPU
		{C045318C-D9EB-4121-B419-77A86900BC24}.Release|Any CPU.Build.0 = Release|Any CPU
		{C045318C-D9EB-4121-B419-77A86900BC24}.Release|x64.ActiveCfg = Release|Any CPU
		{C045318C-D9EB-4121-B419-77A86900BC24}.Release|x64.Build.0 = Release|Any CPU
		{C045318C-D9EB-4121-B419-77A86900BC24}.Release|x86.ActiveCfg = Release|Any CPU
		{C045318C-D9EB-4121-B419-77A86900BC24}.Release|x86.Build.0 = Release|Any CPU
		{105B3081-F293-4E2F-A111-E353ED4DF027}.Debug|Any CPU.ActiveCfg = Debug|Any CPU
		{105B3081-F293-4E2F-A111-E353ED4DF027}.Debug|Any CPU.Build.0 = Debug|Any CPU
		{105B3081-F293-4E2F-A111-E353ED4DF027}.Debug|x64.ActiveCfg = Debug|Any CPU
		{105B3081-F293-4E2F-A111-E353ED4DF027}.Debug|x64.Build.0 = Debug|Any CPU
		{105B3081-F293-4E2F-A111-E353ED4DF027}.Debug|x86.ActiveCfg = Debug|Any CPU
		{105B3081-F293-4E2F-A111-E353ED4DF027}.Debug|x86.Build.0 = Debug|Any CPU
		{105B3081-F293-4E2F-A111-E353ED4DF027}.Release|Any CPU.ActiveCfg = Release|Any CPU
		{105B3081-F293-4E2F-A111-E353ED4DF027}.Release|Any CPU.Build.0 = Release|Any CPU
		{105B3081-F293-4E2F-A111-E353ED4DF027}.Release|x64.ActiveCfg = Release|Any CPU
		{105B3081-F293-4E2F-A111-E353ED4DF027}.Release|x64.Build.0 = Release|Any CPU
		{105B3081-F293-4E2F-A111-E353ED4DF027}.Release|x86.ActiveCfg = Release|Any CPU
		{105B3081-F293-4E2F-A111-E353ED4DF027}.Release|x86.Build.0 = Release|Any CPU
	EndGlobalSection
	GlobalSection(NestedProjects) = preSolution
		{01D9C5DA-750C-42A0-B04E-9F8DF76F7D96} = {0D93044A-1F5A-4C8D-80BD-41FAE0F43831}
		{C045318C-D9EB-4121-B419-77A86900BC24} = {6FE67545-1B7C-44C3-9491-6D5A51F05F89}
		{105B3081-F293-4E2F-A111-E353ED4DF027} = {0D93044A-1F5A-4C8D-80BD-41FAE0F43831}
	EndGlobalSection
EndGlobal
